
Microsoft Visual Studio Solution File, Format Version 12.00
# Visual Studio Version 16
VisualStudioVersion = 16.0.29609.76
MinimumVisualStudioVersion = 10.0.40219.1
Project("{FAE04EC0-301F-11D3-BF4B-00C04F79EFBC}") = "LMP.UWP", "LMP.UWP\LMP.UWP.csproj", "{77F309BB-580B-4BAF-AA78-C0A7840A63D2}"
EndProject
Project("{FAE04EC0-301F-11D3-BF4B-00C04F79EFBC}") = "LMP.Android", "LMP.Android\LMP.Android.csproj", "{681C795E-E9BF-43F1-A7F7-C838C92D2C6F}"
EndProject
Project("{FAE04EC0-301F-11D3-BF4B-00C04F79EFBC}") = "LMP.iOS", "LMP.iOS\LMP.iOS.csproj", "{BEB7AB84-C89B-43AF-8AD3-93CC306820E2}"
EndProject
Project("{9A19103F-16F7-4668-BE54-9A1E7A4F7556}") = "LMP", "LMP\LMP.csproj", "{8CD67598-F4EA-4772-A0D4-004EAF9C0A31}"
EndProject
Project("{FAE04EC0-301F-11D3-BF4B-00C04F79EFBC}") = "LMP.Entities", "LMP.Entities\LMP.Entities.csproj", "{D9191756-4579-491E-B57D-A3D2A9D7E906}"
EndProject
Project("{FAE04EC0-301F-11D3-BF4B-00C04F79EFBC}") = "LMP.Web.DAL.SQLServer", "LMP.Web.DAL.SQLServer\LMP.Web.DAL.SQLServer.csproj", "{83361A4A-D2F9-410D-A920-92DEDC7C8C2E}"
EndProject
Project("{FAE04EC0-301F-11D3-BF4B-00C04F79EFBC}") = "LMP.Web", "LMP.Web\LMP.Web.csproj", "{FEE7C62A-2DBC-4E40-B710-42B8C059ED15}"
EndProject
Project("{FAE04EC0-301F-11D3-BF4B-00C04F79EFBC}") = "LMP.Web.Tests", "LMP.Web.Tests\LMP.Web.Tests.csproj", "{E4ED63D5-1AD2-4CD3-B656-A6E1A93ED5A2}"
EndProject
Global
	GlobalSection(SolutionConfigurationPlatforms) = preSolution
		Debug|Any CPU = Debug|Any CPU
		Debug|ARM = Debug|ARM
		Debug|iPhone = Debug|iPhone
		Debug|iPhoneSimulator = Debug|iPhoneSimulator
		Debug|x64 = Debug|x64
		Debug|x86 = Debug|x86
		Release|Any CPU = Release|Any CPU
		Release|ARM = Release|ARM
		Release|iPhone = Release|iPhone
		Release|iPhoneSimulator = Release|iPhoneSimulator
		Release|x64 = Release|x64
		Release|x86 = Release|x86
	EndGlobalSection
	GlobalSection(ProjectConfigurationPlatforms) = postSolution
		{77F309BB-580B-4BAF-AA78-C0A7840A63D2}.Debug|Any CPU.ActiveCfg = Debug|x86
		{77F309BB-580B-4BAF-AA78-C0A7840A63D2}.Debug|Any CPU.Build.0 = Debug|x86
		{77F309BB-580B-4BAF-AA78-C0A7840A63D2}.Debug|Any CPU.Deploy.0 = Debug|x86
		{77F309BB-580B-4BAF-AA78-C0A7840A63D2}.Debug|ARM.ActiveCfg = Debug|ARM
		{77F309BB-580B-4BAF-AA78-C0A7840A63D2}.Debug|ARM.Build.0 = Debug|ARM
		{77F309BB-580B-4BAF-AA78-C0A7840A63D2}.Debug|ARM.Deploy.0 = Debug|ARM
		{77F309BB-580B-4BAF-AA78-C0A7840A63D2}.Debug|iPhone.ActiveCfg = Debug|x86
		{77F309BB-580B-4BAF-AA78-C0A7840A63D2}.Debug|iPhone.Build.0 = Debug|x86
		{77F309BB-580B-4BAF-AA78-C0A7840A63D2}.Debug|iPhone.Deploy.0 = Debug|x86
		{77F309BB-580B-4BAF-AA78-C0A7840A63D2}.Debug|iPhoneSimulator.ActiveCfg = Debug|x86
		{77F309BB-580B-4BAF-AA78-C0A7840A63D2}.Debug|iPhoneSimulator.Build.0 = Debug|x86
		{77F309BB-580B-4BAF-AA78-C0A7840A63D2}.Debug|iPhoneSimulator.Deploy.0 = Debug|x86
		{77F309BB-580B-4BAF-AA78-C0A7840A63D2}.Debug|x64.ActiveCfg = Debug|x64
		{77F309BB-580B-4BAF-AA78-C0A7840A63D2}.Debug|x64.Build.0 = Debug|x64
		{77F309BB-580B-4BAF-AA78-C0A7840A63D2}.Debug|x64.Deploy.0 = Debug|x64
		{77F309BB-580B-4BAF-AA78-C0A7840A63D2}.Debug|x86.ActiveCfg = Debug|x86
		{77F309BB-580B-4BAF-AA78-C0A7840A63D2}.Debug|x86.Build.0 = Debug|x86
		{77F309BB-580B-4BAF-AA78-C0A7840A63D2}.Debug|x86.Deploy.0 = Debug|x86
		{77F309BB-580B-4BAF-AA78-C0A7840A63D2}.Release|Any CPU.ActiveCfg = Release|x86
		{77F309BB-580B-4BAF-AA78-C0A7840A63D2}.Release|Any CPU.Build.0 = Release|x86
		{77F309BB-580B-4BAF-AA78-C0A7840A63D2}.Release|Any CPU.Deploy.0 = Release|x86
		{77F309BB-580B-4BAF-AA78-C0A7840A63D2}.Release|ARM.ActiveCfg = Release|ARM
		{77F309BB-580B-4BAF-AA78-C0A7840A63D2}.Release|ARM.Build.0 = Release|ARM
		{77F309BB-580B-4BAF-AA78-C0A7840A63D2}.Release|ARM.Deploy.0 = Release|ARM
		{77F309BB-580B-4BAF-AA78-C0A7840A63D2}.Release|iPhone.ActiveCfg = Release|x86
		{77F309BB-580B-4BAF-AA78-C0A7840A63D2}.Release|iPhone.Build.0 = Release|x86
		{77F309BB-580B-4BAF-AA78-C0A7840A63D2}.Release|iPhone.Deploy.0 = Release|x86
		{77F309BB-580B-4BAF-AA78-C0A7840A63D2}.Release|iPhoneSimulator.ActiveCfg = Release|x86
		{77F309BB-580B-4BAF-AA78-C0A7840A63D2}.Release|iPhoneSimulator.Build.0 = Release|x86
		{77F309BB-580B-4BAF-AA78-C0A7840A63D2}.Release|iPhoneSimulator.Deploy.0 = Release|x86
		{77F309BB-580B-4BAF-AA78-C0A7840A63D2}.Release|x64.ActiveCfg = Release|x64
		{77F309BB-580B-4BAF-AA78-C0A7840A63D2}.Release|x64.Build.0 = Release|x64
		{77F309BB-580B-4BAF-AA78-C0A7840A63D2}.Release|x64.Deploy.0 = Release|x64
		{77F309BB-580B-4BAF-AA78-C0A7840A63D2}.Release|x86.ActiveCfg = Release|x86
		{77F309BB-580B-4BAF-AA78-C0A7840A63D2}.Release|x86.Build.0 = Release|x86
		{77F309BB-580B-4BAF-AA78-C0A7840A63D2}.Release|x86.Deploy.0 = Release|x86
		{681C795E-E9BF-43F1-A7F7-C838C92D2C6F}.Debug|Any CPU.ActiveCfg = Debug|Any CPU
		{681C795E-E9BF-43F1-A7F7-C838C92D2C6F}.Debug|Any CPU.Build.0 = Debug|Any CPU
		{681C795E-E9BF-43F1-A7F7-C838C92D2C6F}.Debug|Any CPU.Deploy.0 = Debug|Any CPU
		{681C795E-E9BF-43F1-A7F7-C838C92D2C6F}.Debug|ARM.ActiveCfg = Debug|Any CPU
		{681C795E-E9BF-43F1-A7F7-C838C92D2C6F}.Debug|ARM.Build.0 = Debug|Any CPU
		{681C795E-E9BF-43F1-A7F7-C838C92D2C6F}.Debug|ARM.Deploy.0 = Debug|Any CPU
		{681C795E-E9BF-43F1-A7F7-C838C92D2C6F}.Debug|iPhone.ActiveCfg = Debug|Any CPU
		{681C795E-E9BF-43F1-A7F7-C838C92D2C6F}.Debug|iPhone.Build.0 = Debug|Any CPU
		{681C795E-E9BF-43F1-A7F7-C838C92D2C6F}.Debug|iPhone.Deploy.0 = Debug|Any CPU
		{681C795E-E9BF-43F1-A7F7-C838C92D2C6F}.Debug|iPhoneSimulator.ActiveCfg = Debug|Any CPU
		{681C795E-E9BF-43F1-A7F7-C838C92D2C6F}.Debug|iPhoneSimulator.Build.0 = Debug|Any CPU
		{681C795E-E9BF-43F1-A7F7-C838C92D2C6F}.Debug|iPhoneSimulator.Deploy.0 = Debug|Any CPU
		{681C795E-E9BF-43F1-A7F7-C838C92D2C6F}.Debug|x64.ActiveCfg = Debug|Any CPU
		{681C795E-E9BF-43F1-A7F7-C838C92D2C6F}.Debug|x64.Build.0 = Debug|Any CPU
		{681C795E-E9BF-43F1-A7F7-C838C92D2C6F}.Debug|x64.Deploy.0 = Debug|Any CPU
		{681C795E-E9BF-43F1-A7F7-C838C92D2C6F}.Debug|x86.ActiveCfg = Debug|Any CPU
		{681C795E-E9BF-43F1-A7F7-C838C92D2C6F}.Debug|x86.Build.0 = Debug|Any CPU
		{681C795E-E9BF-43F1-A7F7-C838C92D2C6F}.Debug|x86.Deploy.0 = Debug|Any CPU
		{681C795E-E9BF-43F1-A7F7-C838C92D2C6F}.Release|Any CPU.ActiveCfg = Release|Any CPU
		{681C795E-E9BF-43F1-A7F7-C838C92D2C6F}.Release|Any CPU.Build.0 = Release|Any CPU
		{681C795E-E9BF-43F1-A7F7-C838C92D2C6F}.Release|Any CPU.Deploy.0 = Release|Any CPU
		{681C795E-E9BF-43F1-A7F7-C838C92D2C6F}.Release|ARM.ActiveCfg = Release|Any CPU
		{681C795E-E9BF-43F1-A7F7-C838C92D2C6F}.Release|ARM.Build.0 = Release|Any CPU
		{681C795E-E9BF-43F1-A7F7-C838C92D2C6F}.Release|ARM.Deploy.0 = Release|Any CPU
		{681C795E-E9BF-43F1-A7F7-C838C92D2C6F}.Release|iPhone.ActiveCfg = Release|Any CPU
		{681C795E-E9BF-43F1-A7F7-C838C92D2C6F}.Release|iPhone.Build.0 = Release|Any CPU
		{681C795E-E9BF-43F1-A7F7-C838C92D2C6F}.Release|iPhone.Deploy.0 = Release|Any CPU
		{681C795E-E9BF-43F1-A7F7-C838C92D2C6F}.Release|iPhoneSimulator.ActiveCfg = Release|Any CPU
		{681C795E-E9BF-43F1-A7F7-C838C92D2C6F}.Release|iPhoneSimulator.Build.0 = Release|Any CPU
		{681C795E-E9BF-43F1-A7F7-C838C92D2C6F}.Release|iPhoneSimulator.Deploy.0 = Release|Any CPU
		{681C795E-E9BF-43F1-A7F7-C838C92D2C6F}.Release|x64.ActiveCfg = Release|Any CPU
		{681C795E-E9BF-43F1-A7F7-C838C92D2C6F}.Release|x64.Build.0 = Release|Any CPU
		{681C795E-E9BF-43F1-A7F7-C838C92D2C6F}.Release|x64.Deploy.0 = Release|Any CPU
		{681C795E-E9BF-43F1-A7F7-C838C92D2C6F}.Release|x86.ActiveCfg = Release|Any CPU
		{681C795E-E9BF-43F1-A7F7-C838C92D2C6F}.Release|x86.Build.0 = Release|Any CPU
		{681C795E-E9BF-43F1-A7F7-C838C92D2C6F}.Release|x86.Deploy.0 = Release|Any CPU
		{BEB7AB84-C89B-43AF-8AD3-93CC306820E2}.Debug|Any CPU.ActiveCfg = Debug|iPhone
		{BEB7AB84-C89B-43AF-8AD3-93CC306820E2}.Debug|Any CPU.Build.0 = Debug|iPhone
		{BEB7AB84-C89B-43AF-8AD3-93CC306820E2}.Debug|Any CPU.Deploy.0 = Debug|iPhone
		{BEB7AB84-C89B-43AF-8AD3-93CC306820E2}.Debug|ARM.ActiveCfg = Debug|iPhoneSimulator
		{BEB7AB84-C89B-43AF-8AD3-93CC306820E2}.Debug|ARM.Build.0 = Debug|iPhoneSimulator
		{BEB7AB84-C89B-43AF-8AD3-93CC306820E2}.Debug|ARM.Deploy.0 = Debug|iPhoneSimulator
		{BEB7AB84-C89B-43AF-8AD3-93CC306820E2}.Debug|iPhone.ActiveCfg = Debug|iPhone
		{BEB7AB84-C89B-43AF-8AD3-93CC306820E2}.Debug|iPhone.Build.0 = Debug|iPhone
		{BEB7AB84-C89B-43AF-8AD3-93CC306820E2}.Debug|iPhone.Deploy.0 = Debug|iPhone
		{BEB7AB84-C89B-43AF-8AD3-93CC306820E2}.Debug|iPhoneSimulator.ActiveCfg = Debug|iPhoneSimulator
		{BEB7AB84-C89B-43AF-8AD3-93CC306820E2}.Debug|iPhoneSimulator.Build.0 = Debug|iPhoneSimulator
		{BEB7AB84-C89B-43AF-8AD3-93CC306820E2}.Debug|iPhoneSimulator.Deploy.0 = Debug|iPhoneSimulator
		{BEB7AB84-C89B-43AF-8AD3-93CC306820E2}.Debug|x64.ActiveCfg = Debug|iPhone
		{BEB7AB84-C89B-43AF-8AD3-93CC306820E2}.Debug|x64.Build.0 = Debug|iPhone
		{BEB7AB84-C89B-43AF-8AD3-93CC306820E2}.Debug|x64.Deploy.0 = Debug|iPhone
		{BEB7AB84-C89B-43AF-8AD3-93CC306820E2}.Debug|x86.ActiveCfg = Debug|iPhone
		{BEB7AB84-C89B-43AF-8AD3-93CC306820E2}.Debug|x86.Build.0 = Debug|iPhone
		{BEB7AB84-C89B-43AF-8AD3-93CC306820E2}.Debug|x86.Deploy.0 = Debug|iPhone
		{BEB7AB84-C89B-43AF-8AD3-93CC306820E2}.Release|Any CPU.ActiveCfg = Release|iPhone
		{BEB7AB84-C89B-43AF-8AD3-93CC306820E2}.Release|Any CPU.Build.0 = Release|iPhone
		{BEB7AB84-C89B-43AF-8AD3-93CC306820E2}.Release|Any CPU.Deploy.0 = Release|iPhone
		{BEB7AB84-C89B-43AF-8AD3-93CC306820E2}.Release|ARM.ActiveCfg = Release|iPhone
		{BEB7AB84-C89B-43AF-8AD3-93CC306820E2}.Release|ARM.Build.0 = Release|iPhone
		{BEB7AB84-C89B-43AF-8AD3-93CC306820E2}.Release|ARM.Deploy.0 = Release|iPhone
		{BEB7AB84-C89B-43AF-8AD3-93CC306820E2}.Release|iPhone.ActiveCfg = Release|iPhone
		{BEB7AB84-C89B-43AF-8AD3-93CC306820E2}.Release|iPhone.Build.0 = Release|iPhone
		{BEB7AB84-C89B-43AF-8AD3-93CC306820E2}.Release|iPhone.Deploy.0 = Release|iPhone
		{BEB7AB84-C89B-43AF-8AD3-93CC306820E2}.Release|iPhoneSimulator.ActiveCfg = Release|iPhoneSimulator
		{BEB7AB84-C89B-43AF-8AD3-93CC306820E2}.Release|iPhoneSimulator.Build.0 = Release|iPhoneSimulator
		{BEB7AB84-C89B-43AF-8AD3-93CC306820E2}.Release|iPhoneSimulator.Deploy.0 = Release|iPhoneSimulator
		{BEB7AB84-C89B-43AF-8AD3-93CC306820E2}.Release|x64.ActiveCfg = Release|iPhone
		{BEB7AB84-C89B-43AF-8AD3-93CC306820E2}.Release|x64.Build.0 = Release|iPhone
		{BEB7AB84-C89B-43AF-8AD3-93CC306820E2}.Release|x64.Deploy.0 = Release|iPhone
		{BEB7AB84-C89B-43AF-8AD3-93CC306820E2}.Release|x86.ActiveCfg = Release|iPhone
		{BEB7AB84-C89B-43AF-8AD3-93CC306820E2}.Release|x86.Build.0 = Release|iPhone
		{BEB7AB84-C89B-43AF-8AD3-93CC306820E2}.Release|x86.Deploy.0 = Release|iPhone
		{8CD67598-F4EA-4772-A0D4-004EAF9C0A31}.Debug|Any CPU.ActiveCfg = Debug|Any CPU
		{8CD67598-F4EA-4772-A0D4-004EAF9C0A31}.Debug|Any CPU.Build.0 = Debug|Any CPU
		{8CD67598-F4EA-4772-A0D4-004EAF9C0A31}.Debug|Any CPU.Deploy.0 = Debug|Any CPU
		{8CD67598-F4EA-4772-A0D4-004EAF9C0A31}.Debug|ARM.ActiveCfg = Debug|Any CPU
		{8CD67598-F4EA-4772-A0D4-004EAF9C0A31}.Debug|ARM.Build.0 = Debug|Any CPU
		{8CD67598-F4EA-4772-A0D4-004EAF9C0A31}.Debug|ARM.Deploy.0 = Debug|Any CPU
		{8CD67598-F4EA-4772-A0D4-004EAF9C0A31}.Debug|iPhone.ActiveCfg = Debug|Any CPU
		{8CD67598-F4EA-4772-A0D4-004EAF9C0A31}.Debug|iPhone.Build.0 = Debug|Any CPU
		{8CD67598-F4EA-4772-A0D4-004EAF9C0A31}.Debug|iPhone.Deploy.0 = Debug|Any CPU
		{8CD67598-F4EA-4772-A0D4-004EAF9C0A31}.Debug|iPhoneSimulator.ActiveCfg = Debug|Any CPU
		{8CD67598-F4EA-4772-A0D4-004EAF9C0A31}.Debug|iPhoneSimulator.Build.0 = Debug|Any CPU
		{8CD67598-F4EA-4772-A0D4-004EAF9C0A31}.Debug|iPhoneSimulator.Deploy.0 = Debug|Any CPU
		{8CD67598-F4EA-4772-A0D4-004EAF9C0A31}.Debug|x64.ActiveCfg = Debug|Any CPU
		{8CD67598-F4EA-4772-A0D4-004EAF9C0A31}.Debug|x64.Build.0 = Debug|Any CPU
		{8CD67598-F4EA-4772-A0D4-004EAF9C0A31}.Debug|x64.Deploy.0 = Debug|Any CPU
		{8CD67598-F4EA-4772-A0D4-004EAF9C0A31}.Debug|x86.ActiveCfg = Debug|Any CPU
		{8CD67598-F4EA-4772-A0D4-004EAF9C0A31}.Debug|x86.Build.0 = Debug|Any CPU
		{8CD67598-F4EA-4772-A0D4-004EAF9C0A31}.Debug|x86.Deploy.0 = Debug|Any CPU
		{8CD67598-F4EA-4772-A0D4-004EAF9C0A31}.Release|Any CPU.ActiveCfg = Release|Any CPU
		{8CD67598-F4EA-4772-A0D4-004EAF9C0A31}.Release|Any CPU.Build.0 = Release|Any CPU
		{8CD67598-F4EA-4772-A0D4-004EAF9C0A31}.Release|Any CPU.Deploy.0 = Release|Any CPU
		{8CD67598-F4EA-4772-A0D4-004EAF9C0A31}.Release|ARM.ActiveCfg = Release|Any CPU
		{8CD67598-F4EA-4772-A0D4-004EAF9C0A31}.Release|ARM.Build.0 = Release|Any CPU
		{8CD67598-F4EA-4772-A0D4-004EAF9C0A31}.Release|ARM.Deploy.0 = Release|Any CPU
		{8CD67598-F4EA-4772-A0D4-004EAF9C0A31}.Release|iPhone.ActiveCfg = Release|Any CPU
		{8CD67598-F4EA-4772-A0D4-004EAF9C0A31}.Release|iPhone.Build.0 = Release|Any CPU
		{8CD67598-F4EA-4772-A0D4-004EAF9C0A31}.Release|iPhone.Deploy.0 = Release|Any CPU
		{8CD67598-F4EA-4772-A0D4-004EAF9C0A31}.Release|iPhoneSimulator.ActiveCfg = Release|Any CPU
		{8CD67598-F4EA-4772-A0D4-004EAF9C0A31}.Release|iPhoneSimulator.Build.0 = Release|Any CPU
		{8CD67598-F4EA-4772-A0D4-004EAF9C0A31}.Release|iPhoneSimulator.Deploy.0 = Release|Any CPU
		{8CD67598-F4EA-4772-A0D4-004EAF9C0A31}.Release|x64.ActiveCfg = Release|Any CPU
		{8CD67598-F4EA-4772-A0D4-004EAF9C0A31}.Release|x64.Build.0 = Release|Any CPU
		{8CD67598-F4EA-4772-A0D4-004EAF9C0A31}.Release|x64.Deploy.0 = Release|Any CPU
		{8CD67598-F4EA-4772-A0D4-004EAF9C0A31}.Release|x86.ActiveCfg = Release|Any CPU
		{8CD67598-F4EA-4772-A0D4-004EAF9C0A31}.Release|x86.Build.0 = Release|Any CPU
		{8CD67598-F4EA-4772-A0D4-004EAF9C0A31}.Release|x86.Deploy.0 = Release|Any CPU
		{D9191756-4579-491E-B57D-A3D2A9D7E906}.Debug|Any CPU.ActiveCfg = Debug|Any CPU
		{D9191756-4579-491E-B57D-A3D2A9D7E906}.Debug|Any CPU.Build.0 = Debug|Any CPU
		{D9191756-4579-491E-B57D-A3D2A9D7E906}.Debug|ARM.ActiveCfg = Debug|Any CPU
		{D9191756-4579-491E-B57D-A3D2A9D7E906}.Debug|ARM.Build.0 = Debug|Any CPU
		{D9191756-4579-491E-B57D-A3D2A9D7E906}.Debug|iPhone.ActiveCfg = Debug|Any CPU
		{D9191756-4579-491E-B57D-A3D2A9D7E906}.Debug|iPhone.Build.0 = Debug|Any CPU
		{D9191756-4579-491E-B57D-A3D2A9D7E906}.Debug|iPhoneSimulator.ActiveCfg = Debug|Any CPU
		{D9191756-4579-491E-B57D-A3D2A9D7E906}.Debug|iPhoneSimulator.Build.0 = Debug|Any CPU
		{D9191756-4579-491E-B57D-A3D2A9D7E906}.Debug|x64.ActiveCfg = Debug|Any CPU
		{D9191756-4579-491E-B57D-A3D2A9D7E906}.Debug|x64.Build.0 = Debug|Any CPU
		{D9191756-4579-491E-B57D-A3D2A9D7E906}.Debug|x86.ActiveCfg = Debug|Any CPU
		{D9191756-4579-491E-B57D-A3D2A9D7E906}.Debug|x86.Build.0 = Debug|Any CPU
		{D9191756-4579-491E-B57D-A3D2A9D7E906}.Release|Any CPU.ActiveCfg = Release|Any CPU
		{D9191756-4579-491E-B57D-A3D2A9D7E906}.Release|Any CPU.Build.0 = Release|Any CPU
		{D9191756-4579-491E-B57D-A3D2A9D7E906}.Release|ARM.ActiveCfg = Release|Any CPU
		{D9191756-4579-491E-B57D-A3D2A9D7E906}.Release|ARM.Build.0 = Release|Any CPU
		{D9191756-4579-491E-B57D-A3D2A9D7E906}.Release|iPhone.ActiveCfg = Release|Any CPU
		{D9191756-4579-491E-B57D-A3D2A9D7E906}.Release|iPhone.Build.0 = Release|Any CPU
		{D9191756-4579-491E-B57D-A3D2A9D7E906}.Release|iPhoneSimulator.ActiveCfg = Release|Any CPU
		{D9191756-4579-491E-B57D-A3D2A9D7E906}.Release|iPhoneSimulator.Build.0 = Release|Any CPU
		{D9191756-4579-491E-B57D-A3D2A9D7E906}.Release|x64.ActiveCfg = Release|Any CPU
		{D9191756-4579-491E-B57D-A3D2A9D7E906}.Release|x64.Build.0 = Release|Any CPU
		{D9191756-4579-491E-B57D-A3D2A9D7E906}.Release|x86.ActiveCfg = Release|Any CPU
		{D9191756-4579-491E-B57D-A3D2A9D7E906}.Release|x86.Build.0 = Release|Any CPU
		{83361A4A-D2F9-410D-A920-92DEDC7C8C2E}.Debug|Any CPU.ActiveCfg = Debug|Any CPU
		{83361A4A-D2F9-410D-A920-92DEDC7C8C2E}.Debug|Any CPU.Build.0 = Debug|Any CPU
		{83361A4A-D2F9-410D-A920-92DEDC7C8C2E}.Debug|ARM.ActiveCfg = Debug|Any CPU
		{83361A4A-D2F9-410D-A920-92DEDC7C8C2E}.Debug|ARM.Build.0 = Debug|Any CPU
		{83361A4A-D2F9-410D-A920-92DEDC7C8C2E}.Debug|iPhone.ActiveCfg = Debug|Any CPU
		{83361A4A-D2F9-410D-A920-92DEDC7C8C2E}.Debug|iPhone.Build.0 = Debug|Any CPU
		{83361A4A-D2F9-410D-A920-92DEDC7C8C2E}.Debug|iPhoneSimulator.ActiveCfg = Debug|Any CPU
		{83361A4A-D2F9-410D-A920-92DEDC7C8C2E}.Debug|iPhoneSimulator.Build.0 = Debug|Any CPU
		{83361A4A-D2F9-410D-A920-92DEDC7C8C2E}.Debug|x64.ActiveCfg = Debug|Any CPU
		{83361A4A-D2F9-410D-A920-92DEDC7C8C2E}.Debug|x64.Build.0 = Debug|Any CPU
		{83361A4A-D2F9-410D-A920-92DEDC7C8C2E}.Debug|x86.ActiveCfg = Debug|Any CPU
		{83361A4A-D2F9-410D-A920-92DEDC7C8C2E}.Debug|x86.Build.0 = Debug|Any CPU
		{83361A4A-D2F9-410D-A920-92DEDC7C8C2E}.Release|Any CPU.ActiveCfg = Release|Any CPU
		{83361A4A-D2F9-410D-A920-92DEDC7C8C2E}.Release|Any CPU.Build.0 = Release|Any CPU
		{83361A4A-D2F9-410D-A920-92DEDC7C8C2E}.Release|ARM.ActiveCfg = Release|Any CPU
		{83361A4A-D2F9-410D-A920-92DEDC7C8C2E}.Release|ARM.Build.0 = Release|Any CPU
		{83361A4A-D2F9-410D-A920-92DEDC7C8C2E}.Release|iPhone.ActiveCfg = Release|Any CPU
		{83361A4A-D2F9-410D-A920-92DEDC7C8C2E}.Release|iPhone.Build.0 = Release|Any CPU
		{83361A4A-D2F9-410D-A920-92DEDC7C8C2E}.Release|iPhoneSimulator.ActiveCfg = Release|Any CPU
		{83361A4A-D2F9-410D-A920-92DEDC7C8C2E}.Release|iPhoneSimulator.Build.0 = Release|Any CPU
		{83361A4A-D2F9-410D-A920-92DEDC7C8C2E}.Release|x64.ActiveCfg = Release|Any CPU
		{83361A4A-D2F9-410D-A920-92DEDC7C8C2E}.Release|x64.Build.0 = Release|Any CPU
		{83361A4A-D2F9-410D-A920-92DEDC7C8C2E}.Release|x86.ActiveCfg = Release|Any CPU
		{83361A4A-D2F9-410D-A920-92DEDC7C8C2E}.Release|x86.Build.0 = Release|Any CPU
		{FEE7C62A-2DBC-4E40-B710-42B8C059ED15}.Debug|Any CPU.ActiveCfg = Debug|Any CPU
		{FEE7C62A-2DBC-4E40-B710-42B8C059ED15}.Debug|Any CPU.Build.0 = Debug|Any CPU
		{FEE7C62A-2DBC-4E40-B710-42B8C059ED15}.Debug|ARM.ActiveCfg = Debug|Any CPU
		{FEE7C62A-2DBC-4E40-B710-42B8C059ED15}.Debug|ARM.Build.0 = Debug|Any CPU
		{FEE7C62A-2DBC-4E40-B710-42B8C059ED15}.Debug|iPhone.ActiveCfg = Debug|Any CPU
		{FEE7C62A-2DBC-4E40-B710-42B8C059ED15}.Debug|iPhone.Build.0 = Debug|Any CPU
		{FEE7C62A-2DBC-4E40-B710-42B8C059ED15}.Debug|iPhoneSimulator.ActiveCfg = Debug|Any CPU
		{FEE7C62A-2DBC-4E40-B710-42B8C059ED15}.Debug|iPhoneSimulator.Build.0 = Debug|Any CPU
		{FEE7C62A-2DBC-4E40-B710-42B8C059ED15}.Debug|x64.ActiveCfg = Debug|Any CPU
		{FEE7C62A-2DBC-4E40-B710-42B8C059ED15}.Debug|x64.Build.0 = Debug|Any CPU
		{FEE7C62A-2DBC-4E40-B710-42B8C059ED15}.Debug|x86.ActiveCfg = Debug|Any CPU
		{FEE7C62A-2DBC-4E40-B710-42B8C059ED15}.Debug|x86.Build.0 = Debug|Any CPU
		{FEE7C62A-2DBC-4E40-B710-42B8C059ED15}.Release|Any CPU.ActiveCfg = Release|Any CPU
		{FEE7C62A-2DBC-4E40-B710-42B8C059ED15}.Release|Any CPU.Build.0 = Release|Any CPU
		{FEE7C62A-2DBC-4E40-B710-42B8C059ED15}.Release|ARM.ActiveCfg = Release|Any CPU
		{FEE7C62A-2DBC-4E40-B710-42B8C059ED15}.Release|ARM.Build.0 = Release|Any CPU
		{FEE7C62A-2DBC-4E40-B710-42B8C059ED15}.Release|iPhone.ActiveCfg = Release|Any CPU
		{FEE7C62A-2DBC-4E40-B710-42B8C059ED15}.Release|iPhone.Build.0 = Release|Any CPU
		{FEE7C62A-2DBC-4E40-B710-42B8C059ED15}.Release|iPhoneSimulator.ActiveCfg = Release|Any CPU
		{FEE7C62A-2DBC-4E40-B710-42B8C059ED15}.Release|iPhoneSimulator.Build.0 = Release|Any CPU
		{FEE7C62A-2DBC-4E40-B710-42B8C059ED15}.Release|x64.ActiveCfg = Release|Any CPU
		{FEE7C62A-2DBC-4E40-B710-42B8C059ED15}.Release|x64.Build.0 = Release|Any CPU
		{FEE7C62A-2DBC-4E40-B710-42B8C059ED15}.Release|x86.ActiveCfg = Release|Any CPU
		{FEE7C62A-2DBC-4E40-B710-42B8C059ED15}.Release|x86.Build.0 = Release|Any CPU
		{E4ED63D5-1AD2-4CD3-B656-A6E1A93ED5A2}.Debug|Any CPU.ActiveCfg = Debug|Any CPU
		{E4ED63D5-1AD2-4CD3-B656-A6E1A93ED5A2}.Debug|Any CPU.Build.0 = Debug|Any CPU
		{E4ED63D5-1AD2-4CD3-B656-A6E1A93ED5A2}.Debug|ARM.ActiveCfg = Debug|Any CPU
		{E4ED63D5-1AD2-4CD3-B656-A6E1A93ED5A2}.Debug|ARM.Build.0 = Debug|Any CPU
		{E4ED63D5-1AD2-4CD3-B656-A6E1A93ED5A2}.Debug|iPhone.ActiveCfg = Debug|Any CPU
		{E4ED63D5-1AD2-4CD3-B656-A6E1A93ED5A2}.Debug|iPhone.Build.0 = Debug|Any CPU
		{E4ED63D5-1AD2-4CD3-B656-A6E1A93ED5A2}.Debug|iPhoneSimulator.ActiveCfg = Debug|Any CPU
		{E4ED63D5-1AD2-4CD3-B656-A6E1A93ED5A2}.Debug|iPhoneSimulator.Build.0 = Debug|Any CPU
		{E4ED63D5-1AD2-4CD3-B656-A6E1A93ED5A2}.Debug|x64.ActiveCfg = Debug|Any CPU
		{E4ED63D5-1AD2-4CD3-B656-A6E1A93ED5A2}.Debug|x64.Build.0 = Debug|Any CPU
		{E4ED63D5-1AD2-4CD3-B656-A6E1A93ED5A2}.Debug|x86.ActiveCfg = Debug|Any CPU
		{E4ED63D5-1AD2-4CD3-B656-A6E1A93ED5A2}.Debug|x86.Build.0 = Debug|Any CPU
		{E4ED63D5-1AD2-4CD3-B656-A6E1A93ED5A2}.Release|Any CPU.ActiveCfg = Release|Any CPU
		{E4ED63D5-1AD2-4CD3-B656-A6E1A93ED5A2}.Release|Any CPU.Build.0 = Release|Any CPU
		{E4ED63D5-1AD2-4CD3-B656-A6E1A93ED5A2}.Release|ARM.ActiveCfg = Release|Any CPU
		{E4ED63D5-1AD2-4CD3-B656-A6E1A93ED5A2}.Release|ARM.Build.0 = Release|Any CPU
		{E4ED63D5-1AD2-4CD3-B656-A6E1A93ED5A2}.Release|iPhone.ActiveCfg = Release|Any CPU
		{E4ED63D5-1AD2-4CD3-B656-A6E1A93ED5A2}.Release|iPhone.Build.0 = Release|Any CPU
		{E4ED63D5-1AD2-4CD3-B656-A6E1A93ED5A2}.Release|iPhoneSimulator.ActiveCfg = Release|Any CPU
		{E4ED63D5-1AD2-4CD3-B656-A6E1A93ED5A2}.Release|iPhoneSimulator.Build.0 = Release|Any CPU
		{E4ED63D5-1AD2-4CD3-B656-A6E1A93ED5A2}.Release|x64.ActiveCfg = Release|Any CPU
		{E4ED63D5-1AD2-4CD3-B656-A6E1A93ED5A2}.Release|x64.Build.0 = Release|Any CPU
		{E4ED63D5-1AD2-4CD3-B656-A6E1A93ED5A2}.Release|x86.ActiveCfg = Release|Any CPU
		{E4ED63D5-1AD2-4CD3-B656-A6E1A93ED5A2}.Release|x86.Build.0 = Release|Any CPU
	EndGlobalSection
	GlobalSection(SolutionProperties) = preSolution
		HideSolutionNode = FALSE
	EndGlobalSection
	GlobalSection(ExtensibilityGlobals) = postSolution
		SolutionGuid = {B9D17BA3-005D-496E-BAE0-DDC4D81B997C}
	EndGlobalSection
EndGlobal
